# This file is autogenerated, do not edit; changes may be undone by the next 'dep ensure'.


[[projects]]
  digest = "1:e4b30804a381d7603b8a344009987c1ba351c26043501b23b8c7ce21f0b67474"
  name = "github.com/BurntSushi/toml"
  packages = ["."]
  pruneopts = ""
  revision = "3012a1dbe2e4bd1391d42b32f0577cb7bbc7f005"
  version = "v0.3.1"

[[projects]]
  branch = "master"
  digest = "1:40d00f66d1007d8c834141b4847ebe567d2069a98a68285c932341262c7a94ca"
  name = "github.com/direnv/go-dotenv"
  packages = ["."]
  pruneopts = ""
  revision = "4cce6d1a66f7bc8dc730eab85cab6af1b801abed"

[solve-meta]
  analyzer-name = "dep"
  analyzer-version = 1
  input-imports = [
    "github.com/BurntSushi/toml",
    "github.com/direnv/go-dotenv",
  ]
  solver-name = "gps-cdcl"
  solver-version = 1
