# This file is autogenerated, do not edit; changes may be undone by the next 'dep ensure'.


[[projects]]
  branch = "master"
  name = "github.com/direnv/go-dotenv"
  packages = ["."]
  revision = "ed7765a41787829cf0a04dd562883d9d4e5cd8a6"

[solve-meta]
  analyzer-name = "dep"
  analyzer-version = 1
  inputs-digest = "59de5ec505d0a69fa398cc05f141947f75a4f4ec41c8f586ae8fc52e5cc2c8ae"
  solver-name = "gps-cdcl"
  solver-version = 1
